# Generated by pub
# See https://dart.dev/tools/pub/glossary#lockfile
packages:
  archive:
    dependency: transitive
    description:
      name: archive
      sha256: d6347d54a2d8028e0437e3c099f66fdb8ae02c4720c1e7534c9f24c10351f85d
      url: "https://pub.flutter-io.cn"
    source: hosted
    version: "3.3.6"
  asn1lib:
    dependency: transitive
    description:
      name: asn1lib
      sha256: ab96a1cb3beeccf8145c52e449233fe68364c9641623acd3adad66f8184f1039
      url: "https://pub.flutter-io.cn"
    source: hosted
    version: "1.4.0"
  async:
    dependency: transitive
    description:
      name: async
      sha256: bfe67ef28df125b7dddcea62755991f807aa39a2492a23e1550161692950bbe0
      url: "https://pub.flutter-io.cn"
    source: hosted
    version: "2.10.0"
  boolean_selector:
    dependency: transitive
    description:
      name: boolean_selector
      sha256: "6cfb5af12253eaf2b368f07bacc5a80d1301a071c73360d746b7f2e32d762c66"
      url: "https://pub.flutter-io.cn"
    source: hosted
    version: "2.1.1"
  characters:
    dependency: transitive
    description:
      name: characters
      sha256: e6a326c8af69605aec75ed6c187d06b349707a27fbff8222ca9cc2cff167975c
      url: "https://pub.flutter-io.cn"
    source: hosted
    version: "1.2.1"
  charcode:
    dependency: transitive
    description:
      name: charcode
      sha256: fb98c0f6d12c920a02ee2d998da788bca066ca5f148492b7085ee23372b12306
      url: "https://pub.flutter-io.cn"
    source: hosted
    version: "1.3.1"
  clock:
    dependency: transitive
    description:
      name: clock
      sha256: cb6d7f03e1de671e34607e909a7213e31d7752be4fb66a86d29fe1eb14bfb5cf
      url: "https://pub.flutter-io.cn"
    source: hosted
    version: "1.1.1"
  collection:
    dependency: transitive
    description:
      name: collection
      sha256: cfc915e6923fe5ce6e153b0723c753045de46de1b4d63771530504004a45fae0
      url: "https://pub.flutter-io.cn"
    source: hosted
    version: "1.17.0"
  convert:
    dependency: transitive
    description:
      name: convert
      sha256: "0f08b14755d163f6e2134cb58222dd25ea2a2ee8a195e53983d57c075324d592"
      url: "https://pub.flutter-io.cn"
    source: hosted
    version: "3.1.1"
  cross_file:
    dependency: transitive
    description:
      name: cross_file
      sha256: "0b0036e8cccbfbe0555fd83c1d31a6f30b77a96b598b35a5d36dd41f718695e9"
      url: "https://pub.flutter-io.cn"
    source: hosted
    version: "0.3.3+4"
  crypto:
    dependency: "direct main"
    description:
      name: crypto
      sha256: aa274aa7774f8964e4f4f38cc994db7b6158dd36e9187aaceaddc994b35c6c67
      url: "https://pub.flutter-io.cn"
    source: hosted
    version: "3.0.2"
  crypton:
    dependency: "direct main"
    description:
      name: crypton
      sha256: "886462e83bf642ba10f5382002654d27da8c2e6e1f42d928f12764cfa204f124"
      url: "https://pub.flutter-io.cn"
    source: hosted
    version: "2.1.0"
  csslib:
    dependency: transitive
    description:
      name: csslib
      sha256: b36c7f7e24c0bdf1bf9a3da461c837d1de64b9f8beb190c9011d8c72a3dfd745
      url: "https://pub.flutter-io.cn"
    source: hosted
    version: "0.17.2"
  cupertino_icons:
    dependency: "direct main"
    description:
      name: cupertino_icons
      sha256: e35129dc44c9118cee2a5603506d823bab99c68393879edb440e0090d07586be
      url: "https://pub.flutter-io.cn"
    source: hosted
    version: "1.0.5"
  dio:
    dependency: "direct main"
    description:
      name: dio
      sha256: "3709d74615bba5e443eb141f6a7f4bcc4788f8fae6f743edadfb79c2a8e6287e"
      url: "https://pub.flutter-io.cn"
    source: hosted
    version: "5.0.1"
  easy_refresh:
    dependency: "direct main"
    description:
      name: easy_refresh
      sha256: "4bf1e3bea60ca21ece286fcde16cdd64bdb7383b4901422a683404f77708c644"
      url: "https://pub.flutter-io.cn"
    source: hosted
    version: "3.3.1"
  extended_image:
    dependency: "direct main"
    description:
      name: extended_image
      sha256: "75e4b0ad0f8f63eed7935ff2506c809a670f5e6dd0f61304525879d53fc41a17"
      url: "https://pub.flutter-io.cn"
    source: hosted
    version: "7.0.2"
  extended_image_library:
    dependency: transitive
    description:
      name: extended_image_library
      sha256: b1de389378589e4dffb3564d782373238f19064037458092c49b3043b2791b2b
      url: "https://pub.flutter-io.cn"
    source: hosted
    version: "3.4.1"
  fake_async:
    dependency: transitive
    description:
      name: fake_async
      sha256: "511392330127add0b769b75a987850d136345d9227c6b94c96a04cf4a391bf78"
      url: "https://pub.flutter-io.cn"
    source: hosted
    version: "1.3.1"
  ffi:
    dependency: transitive
    description:
      name: ffi
      sha256: a38574032c5f1dd06c4aee541789906c12ccaab8ba01446e800d9c5b79c4a978
      url: "https://pub.flutter-io.cn"
    source: hosted
    version: "2.0.1"
  file:
    dependency: transitive
    description:
      name: file
      sha256: "1b92bec4fc2a72f59a8e15af5f52cd441e4a7860b49499d69dfa817af20e925d"
      url: "https://pub.flutter-io.cn"
    source: hosted
    version: "6.1.4"
  fixnum:
    dependency: transitive
    description:
      name: fixnum
      sha256: "25517a4deb0c03aa0f32fd12db525856438902d9c16536311e76cdc57b31d7d1"
      url: "https://pub.flutter-io.cn"
    source: hosted
    version: "1.1.0"
  flutter:
    dependency: "direct main"
    description: flutter
    source: sdk
    version: "0.0.0"
  flutter_lints:
    dependency: "direct dev"
    description:
      name: flutter_lints
      sha256: aeb0b80a8b3709709c9cc496cdc027c5b3216796bc0af0ce1007eaf24464fd4c
      url: "https://pub.flutter-io.cn"
    source: hosted
    version: "2.0.1"
  flutter_localizations:
    dependency: "direct main"
    description: flutter
    source: sdk
    version: "0.0.0"
  flutter_smart_dialog:
    dependency: "direct main"
    description:
      name: flutter_smart_dialog
      sha256: a967ae081801fa6b288553ab9b73da082b46bf565c678451942bf1a8345151b5
      url: "https://pub.flutter-io.cn"
    source: hosted
    version: "4.9.0"
  flutter_staggered_grid_view:
    dependency: "direct main"
    description:
      name: flutter_staggered_grid_view
      sha256: "1312314293acceb65b92754298754801b0e1f26a1845833b740b30415bbbcf07"
      url: "https://pub.flutter-io.cn"
    source: hosted
    version: "0.6.2"
  flutter_swiper_view:
    dependency: "direct main"
    description:
      name: flutter_swiper_view
      sha256: "2a165b259e8a4c49d4da5626b967ed42a73dac2d075bd9e266ad8d23b9f01879"
      url: "https://pub.flutter-io.cn"
    source: hosted
    version: "1.1.8"
  flutter_test:
    dependency: "direct dev"
    description: flutter
    source: sdk
    version: "0.0.0"
  flutter_web_plugins:
    dependency: transitive
    description: flutter
    source: sdk
    version: "0.0.0"
  flutter_widget_from_html_core:
    dependency: "direct main"
    description:
      name: flutter_widget_from_html_core
      sha256: "2ee1f47662f5ba34fe535915b034fae0450bc0a15ae6935ca4abcc7fa987e948"
      url: "https://pub.flutter-io.cn"
    source: hosted
    version: "0.10.0"
  fwfh_text_style:
    dependency: transitive
    description:
      name: fwfh_text_style
      sha256: "37806ee0222f79b6e8d4c698c322c897eae6a817258156f40aeece4e588fac60"
      url: "https://pub.flutter-io.cn"
    source: hosted
    version: "2.22.08+1"
  get:
    dependency: "direct main"
    description:
      name: get
      sha256: "2ba20a47c8f1f233bed775ba2dd0d3ac97b4cf32fc17731b3dfc672b06b0e92a"
      url: "https://pub.flutter-io.cn"
    source: hosted
    version: "4.6.5"
  hive:
    dependency: "direct main"
    description:
      name: hive
      sha256: "8dcf6db979d7933da8217edcec84e9df1bdb4e4edc7fc77dbd5aa74356d6d941"
      url: "https://pub.flutter-io.cn"
    source: hosted
    version: "2.2.3"
  hive_flutter:
    dependency: "direct main"
    description:
      name: hive_flutter
      sha256: dca1da446b1d808a51689fb5d0c6c9510c0a2ba01e22805d492c73b68e33eecc
      url: "https://pub.flutter-io.cn"
    source: hosted
    version: "1.1.0"
  html:
    dependency: transitive
    description:
      name: html
      sha256: "79d498e6d6761925a34ee5ea8fa6dfef38607781d2fa91e37523474282af55cb"
      url: "https://pub.flutter-io.cn"
    source: hosted
    version: "0.15.2"
  html_unescape:
    dependency: "direct main"
    description:
      name: html_unescape
      sha256: "15362d7a18f19d7b742ef8dcb811f5fd2a2df98db9f80ea393c075189e0b61e3"
      url: "https://pub.flutter-io.cn"
    source: hosted
    version: "2.0.0"
  http:
    dependency: transitive
    description:
      name: http
      sha256: "6aa2946395183537c8b880962d935877325d6a09a2867c3970c05c0fed6ac482"
      url: "https://pub.flutter-io.cn"
    source: hosted
    version: "0.13.5"
  http_client_helper:
    dependency: transitive
    description:
      name: http_client_helper
      sha256: "1f32359bd07a064ad256d1f84ae5f973f69bc972e7287223fa198abe1d969c28"
      url: "https://pub.flutter-io.cn"
    source: hosted
    version: "2.0.3"
  http_parser:
    dependency: transitive
    description:
      name: http_parser
      sha256: "2aa08ce0341cc9b354a498388e30986515406668dbcc4f7c950c3e715496693b"
      url: "https://pub.flutter-io.cn"
    source: hosted
    version: "4.0.2"
  image_gallery_saver:
    dependency: "direct main"
    description:
      name: image_gallery_saver
      sha256: be812580c7a320d3bf583af89cac6b376f170d48000aca75215a73285a3223a0
      url: "https://pub.flutter-io.cn"
    source: hosted
    version: "1.7.1"
  intl:
    dependency: "direct main"
    description:
      name: intl
      sha256: "910f85bce16fb5c6f614e117efa303e85a1731bb0081edf3604a2ae6e9a3cc91"
      url: "https://pub.flutter-io.cn"
    source: hosted
    version: "0.17.0"
  js:
    dependency: transitive
    description:
      name: js
      sha256: "5528c2f391ededb7775ec1daa69e65a2d61276f7552de2b5f7b8d34ee9fd4ab7"
      url: "https://pub.flutter-io.cn"
    source: hosted
    version: "0.6.5"
  lints:
    dependency: transitive
    description:
      name: lints
      sha256: "5e4a9cd06d447758280a8ac2405101e0e2094d2a1dbdd3756aec3fe7775ba593"
      url: "https://pub.flutter-io.cn"
    source: hosted
    version: "2.0.1"
  logger:
    dependency: "direct main"
    description:
      name: logger
      sha256: c40f9ef51e5bffb4ce69ad2d8c8aad7bd47ec109c090521109b63a4e2bc27191
      url: "https://pub.flutter-io.cn"
    source: hosted
    version: "1.2.2"
  lottie:
    dependency: "direct main"
    description:
      name: lottie
      sha256: "893da7a0022ec2fcaa616f34529a081f617e86cc501105b856e5a3184c58c7c2"
      url: "https://pub.flutter-io.cn"
    source: hosted
    version: "1.4.3"
  matcher:
    dependency: transitive
    description:
      name: matcher
      sha256: "16db949ceee371e9b99d22f88fa3a73c4e59fd0afed0bd25fc336eb76c198b72"
      url: "https://pub.flutter-io.cn"
    source: hosted
    version: "0.12.13"
  material_color_utilities:
    dependency: transitive
    description:
      name: material_color_utilities
      sha256: d92141dc6fe1dad30722f9aa826c7fbc896d021d792f80678280601aff8cf724
      url: "https://pub.flutter-io.cn"
    source: hosted
    version: "0.2.0"
  meta:
    dependency: transitive
    description:
      name: meta
      sha256: "6c268b42ed578a53088d834796959e4a1814b5e9e164f147f580a386e5decf42"
      url: "https://pub.flutter-io.cn"
    source: hosted
    version: "1.8.0"
  mime:
    dependency: transitive
    description:
      name: mime
      sha256: e4ff8e8564c03f255408decd16e7899da1733852a9110a58fe6d1b817684a63e
      url: "https://pub.flutter-io.cn"
    source: hosted
    version: "1.0.4"
  multi_split_view:
    dependency: "direct main"
    description:
      name: multi_split_view
      sha256: d68e129bff71fc9e6b66de59e1b79deaf4b91f30940130bfbd2d704c1c713499
      url: "https://pub.flutter-io.cn"
    source: hosted
    version: "2.4.0"
  package_info_plus:
    dependency: "direct main"
    description:
      name: package_info_plus
      sha256: "8df5ab0a481d7dc20c0e63809e90a588e496d276ba53358afc4c4443d0a00697"
      url: "https://pub.flutter-io.cn"
    source: hosted
    version: "3.0.3"
  package_info_plus_platform_interface:
    dependency: transitive
    description:
      name: package_info_plus_platform_interface
      sha256: "9bc8ba46813a4cc42c66ab781470711781940780fd8beddd0c3da62506d3a6c6"
      url: "https://pub.flutter-io.cn"
    source: hosted
    version: "2.0.1"
  path:
    dependency: transitive
    description:
      name: path
      sha256: db9d4f58c908a4ba5953fcee2ae317c94889433e5024c27ce74a37f94267945b
      url: "https://pub.flutter-io.cn"
    source: hosted
    version: "1.8.2"
  path_drawing:
    dependency: transitive
    description:
      name: path_drawing
      sha256: bbb1934c0cbb03091af082a6389ca2080345291ef07a5fa6d6e078ba8682f977
      url: "https://pub.flutter-io.cn"
    source: hosted
    version: "1.0.1"
  path_parsing:
    dependency: transitive
    description:
      name: path_parsing
      sha256: e3e67b1629e6f7e8100b367d3db6ba6af4b1f0bb80f64db18ef1fbabd2fa9ccf
      url: "https://pub.flutter-io.cn"
    source: hosted
    version: "1.0.1"
  path_provider:
    dependency: "direct main"
    description:
      name: path_provider
      sha256: "04890b994ee89bfa80bf3080bfec40d5a92c5c7a785ebb02c13084a099d2b6f9"
      url: "https://pub.flutter-io.cn"
    source: hosted
    version: "2.0.13"
  path_provider_android:
    dependency: transitive
    description:
      name: path_provider_android
      sha256: "7623b7d4be0f0f7d9a8b5ee6879fc13e4522d4c875ab86801dee4af32b54b83e"
      url: "https://pub.flutter-io.cn"
    source: hosted
    version: "2.0.23"
  path_provider_foundation:
    dependency: transitive
    description:
      name: path_provider_foundation
      sha256: eec003594f19fe2456ea965ae36b3fc967bc5005f508890aafe31fa75e41d972
      url: "https://pub.flutter-io.cn"
    source: hosted
    version: "2.1.2"
  path_provider_linux:
    dependency: transitive
    description:
      name: path_provider_linux
      sha256: "525ad5e07622d19447ad740b1ed5070031f7a5437f44355ae915ff56e986429a"
      url: "https://pub.flutter-io.cn"
    source: hosted
    version: "2.1.9"
  path_provider_platform_interface:
    dependency: transitive
    description:
      name: path_provider_platform_interface
      sha256: "57585299a729335f1298b43245842678cb9f43a6310351b18fb577d6e33165ec"
      url: "https://pub.flutter-io.cn"
    source: hosted
    version: "2.0.6"
  path_provider_windows:
    dependency: transitive
    description:
      name: path_provider_windows
      sha256: "642ddf65fde5404f83267e8459ddb4556316d3ee6d511ed193357e25caa3632d"
      url: "https://pub.flutter-io.cn"
    source: hosted
    version: "2.1.4"
  permission_handler:
    dependency: "direct main"
    description:
      name: permission_handler
      sha256: "33c6a1253d1f95fd06fa74b65b7ba907ae9811f9d5c1d3150e51417d04b8d6a8"
      url: "https://pub.flutter-io.cn"
    source: hosted
    version: "10.2.0"
  permission_handler_android:
    dependency: transitive
    description:
      name: permission_handler_android
      sha256: "8028362b40c4a45298f1cbfccd227c8dd6caf0e27088a69f2ba2ab15464159e2"
      url: "https://pub.flutter-io.cn"
    source: hosted
    version: "10.2.0"
  permission_handler_apple:
    dependency: transitive
    description:
      name: permission_handler_apple
      sha256: "9c370ef6a18b1c4b2f7f35944d644a56aa23576f23abee654cf73968de93f163"
      url: "https://pub.flutter-io.cn"
    source: hosted
    version: "9.0.7"
  permission_handler_platform_interface:
    dependency: transitive
    description:
      name: permission_handler_platform_interface
      sha256: "68abbc472002b5e6dfce47fe9898c6b7d8328d58b5d2524f75e277c07a97eb84"
      url: "https://pub.flutter-io.cn"
    source: hosted
    version: "3.9.0"
  permission_handler_windows:
    dependency: transitive
    description:
      name: permission_handler_windows
      sha256: f67cab14b4328574938ecea2db3475dad7af7ead6afab6338772c5f88963e38b
      url: "https://pub.flutter-io.cn"
    source: hosted
    version: "0.1.2"
  photo_view:
    dependency: "direct main"
    description:
      name: photo_view
      sha256: "8036802a00bae2a78fc197af8a158e3e2f7b500561ed23b4c458107685e645bb"
      url: "https://pub.flutter-io.cn"
    source: hosted
    version: "0.14.0"
  platform:
    dependency: transitive
    description:
      name: platform
      sha256: "4a451831508d7d6ca779f7ac6e212b4023dd5a7d08a27a63da33756410e32b76"
      url: "https://pub.flutter-io.cn"
    source: hosted
    version: "3.1.0"
  plugin_platform_interface:
    dependency: transitive
    description:
      name: plugin_platform_interface
      sha256: "6a2128648c854906c53fa8e33986fc0247a1116122f9534dd20e3ab9e16a32bc"
      url: "https://pub.flutter-io.cn"
    source: hosted
    version: "2.1.4"
  pointycastle:
    dependency: transitive
    description:
      name: pointycastle
      sha256: db7306cf0249f838d1a24af52b5a5887c5bf7f31d8bb4e827d071dc0939ad346
      url: "https://pub.flutter-io.cn"
    source: hosted
    version: "3.6.2"
  process:
    dependency: transitive
    description:
      name: process
      sha256: "53fd8db9cec1d37b0574e12f07520d582019cb6c44abf5479a01505099a34a09"
      url: "https://pub.flutter-io.cn"
    source: hosted
    version: "4.2.4"
  protobuf:
    dependency: "direct main"
    description:
      name: protobuf
      sha256: "01dd9bd0fa02548bf2ceee13545d4a0ec6046459d847b6b061d8a27237108a08"
      url: "https://pub.flutter-io.cn"
    source: hosted
    version: "2.1.0"
  remixicon:
    dependency: "direct main"
    description:
      name: remixicon
      sha256: "9bef40aeea97e61ba78eadbaecdc629af7e8d30a77e536d37317aa78d491eaee"
      url: "https://pub.flutter-io.cn"
    source: hosted
    version: "1.0.0"
  share_plus:
    dependency: "direct main"
    description:
      name: share_plus
      sha256: "8c6892037b1824e2d7e8f59d54b3105932899008642e6372e5079c6939b4b625"
      url: "https://pub.flutter-io.cn"
    source: hosted
    version: "6.3.1"
  share_plus_platform_interface:
    dependency: transitive
    description:
      name: share_plus_platform_interface
      sha256: "82ddd4ab9260c295e6e39612d4ff00390b9a7a21f1bb1da771e2f232d80ab8a1"
      url: "https://pub.flutter-io.cn"
    source: hosted
    version: "3.2.0"
  sky_engine:
    dependency: transitive
    description: flutter
    source: sdk
    version: "0.0.99"
  source_span:
    dependency: transitive
    description:
      name: source_span
      sha256: dd904f795d4b4f3b870833847c461801f6750a9fa8e61ea5ac53f9422b31f250
      url: "https://pub.flutter-io.cn"
    source: hosted
    version: "1.9.1"
  stack_trace:
    dependency: transitive
    description:
      name: stack_trace
      sha256: c3c7d8edb15bee7f0f74debd4b9c5f3c2ea86766fe4178eb2a18eb30a0bdaed5
      url: "https://pub.flutter-io.cn"
    source: hosted
    version: "1.11.0"
  stream_channel:
    dependency: transitive
    description:
      name: stream_channel
      sha256: "83615bee9045c1d322bbbd1ba209b7a749c2cbcdcb3fdd1df8eb488b3279c1c8"
      url: "https://pub.flutter-io.cn"
    source: hosted
    version: "2.1.1"
  string_scanner:
    dependency: transitive
    description:
      name: string_scanner
      sha256: "556692adab6cfa87322a115640c11f13cb77b3f076ddcc5d6ae3c20242bedcde"
      url: "https://pub.flutter-io.cn"
    source: hosted
    version: "1.2.0"
  tab_indicator_styler:
    dependency: "direct main"
    description:
      name: tab_indicator_styler
      sha256: "9e7e90367e20f71f3882fc6578fdcced35ab1c66ab20fcb623cdcc20d2796c76"
      url: "https://pub.flutter-io.cn"
    source: hosted
    version: "2.0.0"
  term_glyph:
    dependency: transitive
    description:
      name: term_glyph
      sha256: a29248a84fbb7c79282b40b8c72a1209db169a2e0542bce341da992fe1bc7e84
      url: "https://pub.flutter-io.cn"
    source: hosted
    version: "1.2.1"
  test_api:
    dependency: transitive
    description:
      name: test_api
      sha256: ad540f65f92caa91bf21dfc8ffb8c589d6e4dc0c2267818b4cc2792857706206
      url: "https://pub.flutter-io.cn"
    source: hosted
    version: "0.4.16"
  typed_data:
    dependency: transitive
    description:
      name: typed_data
      sha256: "26f87ade979c47a150c9eaab93ccd2bebe70a27dc0b4b29517f2904f04eb11a5"
      url: "https://pub.flutter-io.cn"
    source: hosted
    version: "1.3.1"
  universal_html:
    dependency: "direct main"
    description:
      name: universal_html
      sha256: b5061c64c7c863c12e46279e032976f1c274f927fb3589b52b5928dcd2d52f7c
      url: "https://pub.flutter-io.cn"
    source: hosted
    version: "2.0.9"
  universal_io:
    dependency: transitive
    description:
      name: universal_io
      sha256: "06866290206d196064fd61df4c7aea1ffe9a4e7c4ccaa8fcded42dd41948005d"
      url: "https://pub.flutter-io.cn"
    source: hosted
    version: "2.2.0"
  url_launcher:
    dependency: "direct main"
    description:
      name: url_launcher
      sha256: "75f2846facd11168d007529d6cd8fcb2b750186bea046af9711f10b907e1587e"
      url: "https://pub.flutter-io.cn"
    source: hosted
    version: "6.1.10"
  url_launcher_android:
    dependency: transitive
    description:
      name: url_launcher_android
      sha256: "1f4d9ebe86f333c15d318f81dcdc08b01d45da44af74552608455ebdc08d9732"
      url: "https://pub.flutter-io.cn"
    source: hosted
    version: "6.0.24"
  url_launcher_ios:
    dependency: transitive
    description:
      name: url_launcher_ios
      sha256: c9cd648d2f7ab56968e049d4e9116f96a85517f1dd806b96a86ea1018a3a82e5
      url: "https://pub.flutter-io.cn"
    source: hosted
    version: "6.1.1"
  url_launcher_linux:
    dependency: transitive
    description:
      name: url_launcher_linux
      sha256: e29039160ab3730e42f3d811dc2a6d5f2864b90a70fb765ea60144b03307f682
      url: "https://pub.flutter-io.cn"
    source: hosted
    version: "3.0.3"
  url_launcher_macos:
    dependency: transitive
    description:
      name: url_launcher_macos
      sha256: "2dddb3291a57b074dade66b5e07e64401dd2487caefd4e9e2f467138d8c7eb06"
      url: "https://pub.flutter-io.cn"
    source: hosted
    version: "3.0.3"
  url_launcher_platform_interface:
    dependency: transitive
    description:
      name: url_launcher_platform_interface
      sha256: "6c9ca697a5ae218ce56cece69d46128169a58aa8653c1b01d26fcd4aad8c4370"
      url: "https://pub.flutter-io.cn"
    source: hosted
    version: "2.1.2"
  url_launcher_web:
    dependency: transitive
    description:
      name: url_launcher_web
      sha256: "574cfbe2390666003c3a1d129bdc4574aaa6728f0c00a4829a81c316de69dd9b"
      url: "https://pub.flutter-io.cn"
    source: hosted
    version: "2.0.15"
  url_launcher_windows:
    dependency: transitive
    description:
      name: url_launcher_windows
      sha256: "97c9067950a0d09cbd93e2e3f0383d1403989362b97102fbf446473a48079a4b"
      url: "https://pub.flutter-io.cn"
    source: hosted
    version: "3.0.4"
  uuid:
    dependency: transitive
    description:
      name: uuid
      sha256: "648e103079f7c64a36dc7d39369cabb358d377078a051d6ae2ad3aa539519313"
      url: "https://pub.flutter-io.cn"
    source: hosted
    version: "3.0.7"
  vector_math:
    dependency: transitive
    description:
      name: vector_math
      sha256: "80b3257d1492ce4d091729e3a67a60407d227c27241d6927be0130c98e741803"
      url: "https://pub.flutter-io.cn"
    source: hosted
    version: "2.1.4"
  webview_flutter:
    dependency: "direct main"
    description:
      name: webview_flutter
      sha256: b6cd42db3ced5411f3d01599906156885b18e4188f7065a8a351eb84bee347e0
      url: "https://pub.flutter-io.cn"
    source: hosted
    version: "4.0.6"
  webview_flutter_android:
    dependency: transitive
    description:
      name: webview_flutter_android
      sha256: "5dd3f32b5c2d8f4bf9d05a349e4a65fa718eb137f396f336c3893d558a58fe84"
      url: "https://pub.flutter-io.cn"
    source: hosted
    version: "3.3.2"
  webview_flutter_platform_interface:
    dependency: transitive
    description:
      name: webview_flutter_platform_interface
      sha256: df6472164b3f4eaf3280422227f361dc8424b106726b7f21d79a8656ba53f71f
      url: "https://pub.flutter-io.cn"
    source: hosted
    version: "2.0.2"
  webview_flutter_wkwebview:
    dependency: transitive
    description:
      name: webview_flutter_wkwebview
      sha256: "87b6353b40e04f04d5f895a484ad6d92d682d9cce4d2d5b32d2d8aca2448d46e"
      url: "https://pub.flutter-io.cn"
    source: hosted
    version: "3.2.0"
  win32:
    dependency: transitive
    description:
      name: win32
      sha256: c9ebe7ee4ab0c2194e65d3a07d8c54c5d00bb001b76081c4a04cdb8448b59e46
      url: "https://pub.flutter-io.cn"
    source: hosted
    version: "3.1.3"
  xdg_directories:
    dependency: transitive
    description:
      name: xdg_directories
      sha256: ee1505df1426458f7f60aac270645098d318a8b4766d85fde75f76f2e21807d1
      url: "https://pub.flutter-io.cn"
    source: hosted
    version: "1.0.0"
sdks:
  dart: ">=2.19.0 <3.0.0"
  flutter: ">=3.7.0"
